{
  "name": "symbiote-ui",
  "version": "0.3.0-alpha.8",
  "lockfileVersion": 3,
  "requires": true,
  "packages": {
    "": {
      "name": "symbiote-ui",
      "version": "0.3.0-alpha.8",
      "license": "MIT",
      "dependencies": {
        "symbiote-engine": "0.3.0-alpha.6"
      },
      "bin": {
        "symbiote-ui": "cli.js"
      },
      "devDependencies": {
        "@symbiotejs/symbiote": "3.8.0-webmcp.2"
      },
      "engines": {
        "node": ">=18.0.0"
      },
      "peerDependencies": {
        "@symbiotejs/symbiote": "3.8.0-webmcp.2"
      }
    },
    "node_modules/@symbiotejs/symbiote": {
      "version": "3.8.0-webmcp.2",
      "resolved": "https://registry.npmjs.org/@symbiotejs/symbiote/-/symbiote-3.8.0-webmcp.2.tgz",
      "integrity": "sha512-VQJuDCJ15LhUX60ByU2gVmMfzYtVip2ezGkOwa/Nlc/vgLl58f6WYOIs5NfYZSWJ104ElZiipouy/sYXA8mj+g==",
      "dev": true,
      "license": "MIT",
      "peerDependencies": {
        "linkedom": ">=0.16.0"
      },
      "peerDependenciesMeta": {
        "linkedom": {
          "optional": true
        }
      }
    },
    "node_modules/symbiote-engine": {
      "version": "0.3.0-alpha.6",
      "resolved": "https://registry.npmjs.org/symbiote-engine/-/symbiote-engine-0.3.0-alpha.6.tgz",
      "integrity": "sha512-Kz/N+H0DN3/3VD3bpdObxKaO/ViF2cZ/bLwSU1EfSG0cvLuDILQ6dByKZ7EHvW3ghxhH3fEY3RRwcpFTnhmMcQ==",
      "license": "MIT",
      "bin": {
        "symbiote-engine": "cli.js"
      },
      "engines": {
        "node": ">=18.0.0"
      },
      "peerDependencies": {
        "ws": ">=8.0.0"
      },
      "peerDependenciesMeta": {
        "ws": {
          "optional": true
        }
      }
    }
  }
}
